// !$*UTF8*$!
{
	archiveVersion = 1;
	classes = {
	};
	objectVersion = 56;
	objects = {

/* Begin PBXBuildFile section */
		928DB6E32A5812E000FF4238 /* Bench_press_workoutApp.swift in Sources */ = {isa = PBXBuildFile; fileRef = 928DB6E22A5812E000FF4238 /* Bench_press_workoutApp.swift */; };
		928DB6E52A5812E000FF4238 /* ContentView.swift in Sources */ = {isa = PBXBuildFile; fileRef = 928DB6E42A5812E000FF4238 /* ContentView.swift */; };
		928DB6E72A5812E200FF4238 /* Assets.xcassets in Resources */ = {isa = PBXBuildFile; fileRef = 928DB6E62A5812E200FF4238 /* Assets.xcassets */; };
		928DB6EA2A5812E200FF4238 /* Preview Assets.xcassets in Resources */ = {isa = PBXBuildFile; fileRef = 928DB6E92A5812E200FF4238 /* Preview Assets.xcassets */; };
		928DB6F12A58632800FF4238 /* NothingView.swift in Sources */ = {isa = PBXBuildFile; fileRef = 928DB6F02A58632800FF4238 /* NothingView.swift */; };
		928DB6F32A59ACEA00FF4238 /* OnboardingView.swift in Sources */ = {isa = PBXBuildFile; fileRef = 928DB6F22A59ACEA00FF4238 /* OnboardingView.swift */; };
		928DB6F52A59AD0800FF4238 /* OnboardingViewModel.swift in Sources */ = {isa = PBXBuildFile; fileRef = 928DB6F42A59AD0800FF4238 /* OnboardingViewModel.swift */; };
		928DB6F82A59D58200FF4238 /* OnboardingStep.swift in Sources */ = {isa = PBXBuildFile; fileRef = 928DB6F72A59D58200FF4238 /* OnboardingStep.swift */; };
		928DB6FA2A59F63700FF4238 /* OnboardingStepPortraitView.swift in Sources */ = {isa = PBXBuildFile; fileRef = 928DB6F92A59F63700FF4238 /* OnboardingStepPortraitView.swift */; };
		928DB6FD2A5A2F3F00FF4238 /* ContinueButtonView.swift in Sources */ = {isa = PBXBuildFile; fileRef = 928DB6FC2A5A2F3F00FF4238 /* ContinueButtonView.swift */; };
		928DB7002A5A3A4000FF4238 /* AppColors.swift in Sources */ = {isa = PBXBuildFile; fileRef = 928DB6FF2A5A3A4000FF4238 /* AppColors.swift */; };
		928DB7022A5A3EE600FF4238 /* DeviceRotationViewModifier.swift in Sources */ = {isa = PBXBuildFile; fileRef = 928DB7012A5A3EE600FF4238 /* DeviceRotationViewModifier.swift */; };
		928DB7042A5A3F0F00FF4238 /* Extensions.swift in Sources */ = {isa = PBXBuildFile; fileRef = 928DB7032A5A3F0F00FF4238 /* Extensions.swift */; };
		928DB7072A5A40C000FF4238 /* OnboardingStepLandscapeView.swift in Sources */ = {isa = PBXBuildFile; fileRef = 928DB7062A5A40C000FF4238 /* OnboardingStepLandscapeView.swift */; };
		928DB7092A5A45BF00FF4238 /* Exercise.swift in Sources */ = {isa = PBXBuildFile; fileRef = 928DB7082A5A45BF00FF4238 /* Exercise.swift */; };
/* End PBXBuildFile section */

/* Begin PBXFileReference section */
		928DB6DF2A5812E000FF4238 /* Bench press workout.app */ = {isa = PBXFileReference; explicitFileType = wrapper.application; includeInIndex = 0; path = "Bench press workout.app"; sourceTree = BUILT_PRODUCTS_DIR; };
		928DB6E22A5812E000FF4238 /* Bench_press_workoutApp.swift */ = {isa = PBXFileReference; lastKnownFileType = sourcecode.swift; path = Bench_press_workoutApp.swift; sourceTree = "<group>"; };
		928DB6E42A5812E000FF4238 /* ContentView.swift */ = {isa = PBXFileReference; lastKnownFileType = sourcecode.swift; path = ContentView.swift; sourceTree = "<group>"; };
		928DB6E62A5812E200FF4238 /* Assets.xcassets */ = {isa = PBXFileReference; lastKnownFileType = folder.assetcatalog; path = Assets.xcassets; sourceTree = "<group>"; };
		928DB6E92A5812E200FF4238 /* Preview Assets.xcassets */ = {isa = PBXFileReference; lastKnownFileType = folder.assetcatalog; path = "Preview Assets.xcassets"; sourceTree = "<group>"; };
		928DB6F02A58632800FF4238 /* NothingView.swift */ = {isa = PBXFileReference; lastKnownFileType = sourcecode.swift; path = NothingView.swift; sourceTree = "<group>"; };
		928DB6F22A59ACEA00FF4238 /* OnboardingView.swift */ = {isa = PBXFileReference; lastKnownFileType = sourcecode.swift; path = OnboardingView.swift; sourceTree = "<group>"; };
		928DB6F42A59AD0800FF4238 /* OnboardingViewModel.swift */ = {isa = PBXFileReference; lastKnownFileType = sourcecode.swift; path = OnboardingViewModel.swift; sourceTree = "<group>"; };
		928DB6F72A59D58200FF4238 /* OnboardingStep.swift */ = {isa = PBXFileReference; lastKnownFileType = sourcecode.swift; path = OnboardingStep.swift; sourceTree = "<group>"; };
		928DB6F92A59F63700FF4238 /* OnboardingStepPortraitView.swift */ = {isa = PBXFileReference; lastKnownFileType = sourcecode.swift; path = OnboardingStepPortraitView.swift; sourceTree = "<group>"; };
		928DB6FC2A5A2F3F00FF4238 /* ContinueButtonView.swift */ = {isa = PBXFileReference; lastKnownFileType = sourcecode.swift; path = ContinueButtonView.swift; sourceTree = "<group>"; };
		928DB6FF2A5A3A4000FF4238 /* AppColors.swift */ = {isa = PBXFileReference; lastKnownFileType = sourcecode.swift; path = AppColors.swift; sourceTree = "<group>"; };
		928DB7012A5A3EE600FF4238 /* DeviceRotationViewModifier.swift */ = {isa = PBXFileReference; lastKnownFileType = sourcecode.swift; path = DeviceRotationViewModifier.swift; sourceTree = "<group>"; };
		928DB7032A5A3F0F00FF4238 /* Extensions.swift */ = {isa = PBXFileReference; lastKnownFileType = sourcecode.swift; path = Extensions.swift; sourceTree = "<group>"; };
		928DB7062A5A40C000FF4238 /* OnboardingStepLandscapeView.swift */ = {isa = PBXFileReference; lastKnownFileType = sourcecode.swift; path = OnboardingStepLandscapeView.swift; sourceTree = "<group>"; };
		928DB7082A5A45BF00FF4238 /* Exercise.swift */ = {isa = PBXFileReference; lastKnownFileType = sourcecode.swift; path = Exercise.swift; sourceTree = "<group>"; };
/* End PBXFileReference section */

/* Begin PBXFrameworksBuildPhase section */
		928DB6DC2A5812E000FF4238 /* Frameworks */ = {
			isa = PBXFrameworksBuildPhase;
			buildActionMask = 2147483647;
			files = (
			);
			runOnlyForDeploymentPostprocessing = 0;
		};
/* End PBXFrameworksBuildPhase section */

/* Begin PBXGroup section */
		928DB6D62A5812E000FF4238 = {
			isa = PBXGroup;
			children = (
				928DB6E12A5812E000FF4238 /* Bench press workout */,
				928DB6E02A5812E000FF4238 /* Products */,
			);
			sourceTree = "<group>";
		};
		928DB6E02A5812E000FF4238 /* Products */ = {
			isa = PBXGroup;
			children = (
				928DB6DF2A5812E000FF4238 /* Bench press workout.app */,
			);
			name = Products;
			sourceTree = "<group>";
		};
		928DB6E12A5812E000FF4238 /* Bench press workout */ = {
			isa = PBXGroup;
			children = (
				928DB6E22A5812E000FF4238 /* Bench_press_workoutApp.swift */,
				928DB6E42A5812E000FF4238 /* ContentView.swift */,
				928DB6F02A58632800FF4238 /* NothingView.swift */,
				928DB7052A5A405900FF4238 /* Onboarding */,
				928DB6F62A59D56C00FF4238 /* Model */,
				928DB6FB2A5A2F1D00FF4238 /* Components */,
				928DB6FE2A5A3A3000FF4238 /* Resources */,
				928DB6E62A5812E200FF4238 /* Assets.xcassets */,
				928DB6E82A5812E200FF4238 /* Preview Content */,
			);
			path = "Bench press workout";
			sourceTree = "<group>";
		};
		928DB6E82A5812E200FF4238 /* Preview Content */ = {
			isa = PBXGroup;
			children = (
				928DB6E92A5812E200FF4238 /* Preview Assets.xcassets */,
			);
			path = "Preview Content";
			sourceTree = "<group>";
		};
		928DB6F62A59D56C00FF4238 /* Model */ = {
			isa = PBXGroup;
			children = (
				928DB6F72A59D58200FF4238 /* OnboardingStep.swift */,
				928DB7082A5A45BF00FF4238 /* Exercise.swift */,
			);
			path = Model;
			sourceTree = "<group>";
		};
		928DB6FB2A5A2F1D00FF4238 /* Components */ = {
			isa = PBXGroup;
			children = (
				928DB6FC2A5A2F3F00FF4238 /* ContinueButtonView.swift */,
			);
			path = Components;
			sourceTree = "<group>";
		};
		928DB6FE2A5A3A3000FF4238 /* Resources */ = {
			isa = PBXGroup;
			children = (
				928DB6FF2A5A3A4000FF4238 /* AppColors.swift */,
				928DB7012A5A3EE600FF4238 /* DeviceRotationViewModifier.swift */,
				928DB7032A5A3F0F00FF4238 /* Extensions.swift */,
			);
			path = Resources;
			sourceTree = "<group>";
		};
		928DB7052A5A405900FF4238 /* Onboarding */ = {
			isa = PBXGroup;
			children = (
				928DB6F22A59ACEA00FF4238 /* OnboardingView.swift */,
				928DB6F42A59AD0800FF4238 /* OnboardingViewModel.swift */,
				928DB6F92A59F63700FF4238 /* OnboardingStepPortraitView.swift */,
				928DB7062A5A40C000FF4238 /* OnboardingStepLandscapeView.swift */,
			);
			path = Onboarding;
			sourceTree = "<group>";
		};
/* End PBXGroup section */

/* Begin PBXNativeTarget section */
		928DB6DE2A5812E000FF4238 /* Bench press workout */ = {
			isa = PBXNativeTarget;
			buildConfigurationList = 928DB6ED2A5812E200FF4238 /* Build configuration list for PBXNativeTarget "Bench press workout" */;
			buildPhases = (
				928DB6DB2A5812E000FF4238 /* Sources */,
				928DB6DC2A5812E000FF4238 /* Frameworks */,
				928DB6DD2A5812E000FF4238 /* Resources */,
			);
			buildRules = (
			);
			dependencies = (
			);
			name = "Bench press workout";
			productName = "Bench press workout";
			productReference = 928DB6DF2A5812E000FF4238 /* Bench press workout.app */;
			productType = "com.apple.product-type.application";
		};
/* End PBXNativeTarget section */

/* Begin PBXProject section */
		928DB6D72A5812E000FF4238 /* Project object */ = {
			isa = PBXProject;
			attributes = {
				BuildIndependentTargetsInParallel = 1;
				LastSwiftUpdateCheck = 1430;
				LastUpgradeCheck = 1430;
				TargetAttributes = {
					928DB6DE2A5812E000FF4238 = {
						CreatedOnToolsVersion = 14.3.1;
					};
				};
			};
			buildConfigurationList = 928DB6DA2A5812E000FF4238 /* Build configuration list for PBXProject "Bench press workout" */;
			compatibilityVersion = "Xcode 14.0";
			developmentRegion = en;
			hasScannedForEncodings = 0;
			knownRegions = (
				en,
				Base,
			);
			mainGroup = 928DB6D62A5812E000FF4238;
			productRefGroup = 928DB6E02A5812E000FF4238 /* Products */;
			projectDirPath = "";
			projectRoot = "";
			targets = (
				928DB6DE2A5812E000FF4238 /* Bench press workout */,
			);
		};
/* End PBXProject section */

/* Begin PBXResourcesBuildPhase section */
		928DB6DD2A5812E000FF4238 /* Resources */ = {
			isa = PBXResourcesBuildPhase;
			buildActionMask = 2147483647;
			files = (
				928DB6EA2A5812E200FF4238 /* Preview Assets.xcassets in Resources */,
				928DB6E72A5812E200FF4238 /* Assets.xcassets in Resources */,
			);
			runOnlyForDeploymentPostprocessing = 0;
		};
/* End PBXResourcesBuildPhase section */

/* Begin PBXSourcesBuildPhase section */
		928DB6DB2A5812E000FF4238 /* Sources */ = {
			isa = PBXSourcesBuildPhase;
			buildActionMask = 2147483647;
			files = (
				928DB7002A5A3A4000FF4238 /* AppColors.swift in Sources */,
				928DB7072A5A40C000FF4238 /* OnboardingStepLandscapeView.swift in Sources */,
				928DB7092A5A45BF00FF4238 /* Exercise.swift in Sources */,
				928DB6F82A59D58200FF4238 /* OnboardingStep.swift in Sources */,
				928DB6F52A59AD0800FF4238 /* OnboardingViewModel.swift in Sources */,
				928DB6FA2A59F63700FF4238 /* OnboardingStepPortraitView.swift in Sources */,
				928DB6E52A5812E000FF4238 /* ContentView.swift in Sources */,
				928DB6F32A59ACEA00FF4238 /* OnboardingView.swift in Sources */,
				928DB6FD2A5A2F3F00FF4238 /* ContinueButtonView.swift in Sources */,
				928DB6F12A58632800FF4238 /* NothingView.swift in Sources */,
				928DB7022A5A3EE600FF4238 /* DeviceRotationViewModifier.swift in Sources */,
				928DB7042A5A3F0F00FF4238 /* Extensions.swift in Sources */,
				928DB6E32A5812E000FF4238 /* Bench_press_workoutApp.swift in Sources */,
			);
			runOnlyForDeploymentPostprocessing = 0;
		};
/* End PBXSourcesBuildPhase section */

/* Begin XCBuildConfiguration section */
		928DB6EB2A5812E200FF4238 /* Debug */ = {
			isa = XCBuildConfiguration;
			buildSettings = {
				ALWAYS_SEARCH_USER_PATHS = NO;
				CLANG_ANALYZER_NONNULL = YES;
				CLANG_ANALYZER_NUMBER_OBJECT_CONVERSION = YES_AGGRESSIVE;
				CLANG_CXX_LANGUAGE_STANDARD = "gnu++20";
				CLANG_ENABLE_MODULES = YES;
				CLANG_ENABLE_OBJC_ARC = YES;
				CLANG_ENABLE_OBJC_WEAK = YES;
				CLANG_WARN_BLOCK_CAPTURE_AUTORELEASING = YES;
				CLANG_WARN_BOOL_CONVERSION = YES;
				CLANG_WARN_COMMA = YES;
				CLANG_WARN_CONSTANT_CONVERSION = YES;
				CLANG_WARN_DEPRECATED_OBJC_IMPLEMENTATIONS = YES;
				CLANG_WARN_DIRECT_OBJC_ISA_USAGE = YES_ERROR;
				CLANG_WARN_DOCUMENTATION_COMMENTS = YES;
				CLANG_WARN_EMPTY_BODY = YES;
				CLANG_WARN_ENUM_CONVERSION = YES;
				CLANG_WARN_INFINITE_RECURSION = YES;
				CLANG_WARN_INT_CONVERSION = YES;
				CLANG_WARN_NON_LITERAL_NULL_CONVERSION = YES;
				CLANG_WARN_OBJC_IMPLICIT_RETAIN_SELF = YES;
				CLANG_WARN_OBJC_LITERAL_CONVERSION = YES;
				CLANG_WARN_OBJC_ROOT_CLASS = YES_ERROR;
				CLANG_WARN_QUOTED_INCLUDE_IN_FRAMEWORK_HEADER = YES;
				CLANG_WARN_RANGE_LOOP_ANALYSIS = YES;
				CLANG_WARN_STRICT_PROTOTYPES = YES;
				CLANG_WARN_SUSPICIOUS_MOVE = YES;
				CLANG_WARN_UNGUARDED_AVAILABILITY = YES_AGGRESSIVE;
				CLANG_WARN_UNREACHABLE_CODE = YES;
				CLANG_WARN__DUPLICATE_METHOD_MATCH = YES;
				COPY_PHASE_STRIP = NO;
				DEBUG_INFORMATION_FORMAT = dwarf;
				ENABLE_STRICT_OBJC_MSGSEND = YES;
				ENABLE_TESTABILITY = YES;
				GCC_C_LANGUAGE_STANDARD = gnu11;
				GCC_DYNAMIC_NO_PIC = NO;
				GCC_NO_COMMON_BLOCKS = YES;
				GCC_OPTIMIZATION_LEVEL = 0;
				GCC_PREPROCESSOR_DEFINITIONS = (
					"DEBUG=1",
					"$(inherited)",
				);
				GCC_WARN_64_TO_32_BIT_CONVERSION = YES;
				GCC_WARN_ABOUT_RETURN_TYPE = YES_ERROR;
				GCC_WARN_UNDECLARED_SELECTOR = YES;
				GCC_WARN_UNINITIALIZED_AUTOS = YES_AGGRESSIVE;
				GCC_WARN_UNUSED_FUNCTION = YES;
				GCC_WARN_UNUSED_VARIABLE = YES;
				IPHONEOS_DEPLOYMENT_TARGET = 16.0;
				MTL_ENABLE_DEBUG_INFO = INCLUDE_SOURCE;
				MTL_FAST_MATH = YES;
				ONLY_ACTIVE_ARCH = YES;
				SDKROOT = iphoneos;
				SWIFT_ACTIVE_COMPILATION_CONDITIONS = DEBUG;
				SWIFT_OPTIMIZATION_LEVEL = "-Onone";
			};
			name = Debug;
		};
		928DB6EC2A5812E200FF4238 /* Release */ = {
			isa = XCBuildConfiguration;
			buildSettings = {
				ALWAYS_SEARCH_USER_PATHS = NO;
				CLANG_ANALYZER_NONNULL = YES;
				CLANG_ANALYZER_NUMBER_OBJECT_CONVERSION = YES_AGGRESSIVE;
				CLANG_CXX_LANGUAGE_STANDARD = "gnu++20";
				CLANG_ENABLE_MODULES = YES;
				CLANG_ENABLE_OBJC_ARC = YES;
				CLANG_ENABLE_OBJC_WEAK = YES;
				CLANG_WARN_BLOCK_CAPTURE_AUTORELEASING = YES;
				CLANG_WARN_BOOL_CONVERSION = YES;
				CLANG_WARN_COMMA = YES;
				CLANG_WARN_CONSTANT_CONVERSION = YES;
				CLANG_WARN_DEPRECATED_OBJC_IMPLEMENTATIONS = YES;
				CLANG_WARN_DIRECT_OBJC_ISA_USAGE = YES_ERROR;
				CLANG_WARN_DOCUMENTATION_COMMENTS = YES;
				CLANG_WARN_EMPTY_BODY = YES;
				CLANG_WARN_ENUM_CONVERSION = YES;
				CLANG_WARN_INFINITE_RECURSION = YES;
				CLANG_WARN_INT_CONVERSION = YES;
				CLANG_WARN_NON_LITERAL_NULL_CONVERSION = YES;
				CLANG_WARN_OBJC_IMPLICIT_RETAIN_SELF = YES;
				CLANG_WARN_OBJC_LITERAL_CONVERSION = YES;
				CLANG_WARN_OBJC_ROOT_CLASS = YES_ERROR;
				CLANG_WARN_QUOTED_INCLUDE_IN_FRAMEWORK_HEADER = YES;
				CLANG_WARN_RANGE_LOOP_ANALYSIS = YES;
				CLANG_WARN_STRICT_PROTOTYPES = YES;
				CLANG_WARN_SUSPICIOUS_MOVE = YES;
				CLANG_WARN_UNGUARDED_AVAILABILITY = YES_AGGRESSIVE;
				CLANG_WARN_UNREACHABLE_CODE = YES;
				CLANG_WARN__DUPLICATE_METHOD_MATCH = YES;
				COPY_PHASE_STRIP = NO;
				DEBUG_INFORMATION_FORMAT = "dwarf-with-dsym";
				ENABLE_NS_ASSERTIONS = NO;
				ENABLE_STRICT_OBJC_MSGSEND = YES;
				GCC_C_LANGUAGE_STANDARD = gnu11;
				GCC_NO_COMMON_BLOCKS = YES;
				GCC_WARN_64_TO_32_BIT_CONVERSION = YES;
				GCC_WARN_ABOUT_RETURN_TYPE = YES_ERROR;
				GCC_WARN_UNDECLARED_SELECTOR = YES;
				GCC_WARN_UNINITIALIZED_AUTOS = YES_AGGRESSIVE;
				GCC_WARN_UNUSED_FUNCTION = YES;
				GCC_WARN_UNUSED_VARIABLE = YES;
				IPHONEOS_DEPLOYMENT_TARGET = 16.0;
				MTL_ENABLE_DEBUG_INFO = NO;
				MTL_FAST_MATH = YES;
				SDKROOT = iphoneos;
				SWIFT_COMPILATION_MODE = wholemodule;
				SWIFT_OPTIMIZATION_LEVEL = "-O";
				VALIDATE_PRODUCT = YES;
			};
			name = Release;
		};
		928DB6EE2A5812E200FF4238 /* Debug */ = {
			isa = XCBuildConfiguration;
			buildSettings = {
				ASSETCATALOG_COMPILER_APPICON_NAME = AppIcon;
				ASSETCATALOG_COMPILER_GLOBAL_ACCENT_COLOR_NAME = AccentColor;
				CODE_SIGN_STYLE = Automatic;
				CURRENT_PROJECT_VERSION = 1;
				DEVELOPMENT_ASSET_PATHS = "\"Bench press workout/Preview Content\"";
				DEVELOPMENT_TEAM = W5VQ56Z87Q;
				ENABLE_PREVIEWS = YES;
				GENERATE_INFOPLIST_FILE = YES;
				INFOPLIST_KEY_UIApplicationSceneManifest_Generation = YES;
				INFOPLIST_KEY_UIApplicationSupportsIndirectInputEvents = YES;
				INFOPLIST_KEY_UILaunchScreen_Generation = YES;
				INFOPLIST_KEY_UISupportedInterfaceOrientations_iPad = "UIInterfaceOrientationPortrait UIInterfaceOrientationPortraitUpsideDown UIInterfaceOrientationLandscapeLeft UIInterfaceOrientationLandscapeRight";
				INFOPLIST_KEY_UISupportedInterfaceOrientations_iPhone = "UIInterfaceOrientationPortrait UIInterfaceOrientationLandscapeLeft UIInterfaceOrientationLandscapeRight";
				IPHONEOS_DEPLOYMENT_TARGET = 16.0;
				LD_RUNPATH_SEARCH_PATHS = (
					"$(inherited)",
					"@executable_path/Frameworks",
				);
				MARKETING_VERSION = 1.0;
				PRODUCT_BUNDLE_IDENTIFIER = "com.nimdog.Bench-press-workout";
				PRODUCT_NAME = "$(TARGET_NAME)";
				SWIFT_EMIT_LOC_STRINGS = YES;
				SWIFT_VERSION = 5.0;
				TARGETED_DEVICE_FAMILY = "1,2";
			};
			name = Debug;
		};
		928DB6EF2A5812E200FF4238 /* Release */ = {
			isa = XCBuildConfiguration;
			buildSettings = {
				ASSETCATALOG_COMPILER_APPICON_NAME = AppIcon;
				ASSETCATALOG_COMPILER_GLOBAL_ACCENT_COLOR_NAME = AccentColor;
				CODE_SIGN_STYLE = Automatic;
				CURRENT_PROJECT_VERSION = 1;
				DEVELOPMENT_ASSET_PATHS = "\"Bench press workout/Preview Content\"";
				DEVELOPMENT_TEAM = W5VQ56Z87Q;
				ENABLE_PREVIEWS = YES;
				GENERATE_INFOPLIST_FILE = YES;
				INFOPLIST_KEY_UIApplicationSceneManifest_Generation = YES;
				INFOPLIST_KEY_UIApplicationSupportsIndirectInputEvents = YES;
				INFOPLIST_KEY_UILaunchScreen_Generation = YES;
				INFOPLIST_KEY_UISupportedInterfaceOrientations_iPad = "UIInterfaceOrientationPortrait UIInterfaceOrientationPortraitUpsideDown UIInterfaceOrientationLandscapeLeft UIInterfaceOrientationLandscapeRight";
				INFOPLIST_KEY_UISupportedInterfaceOrientations_iPhone = "UIInterfaceOrientationPortrait UIInterfaceOrientationLandscapeLeft UIInterfaceOrientationLandscapeRight";
				IPHONEOS_DEPLOYMENT_TARGET = 16.0;
				LD_RUNPATH_SEARCH_PATHS = (
					"$(inherited)",
					"@executable_path/Frameworks",
				);
				MARKETING_VERSION = 1.0;
				PRODUCT_BUNDLE_IDENTIFIER = "com.nimdog.Bench-press-workout";
				PRODUCT_NAME = "$(TARGET_NAME)";
				SWIFT_EMIT_LOC_STRINGS = YES;
				SWIFT_VERSION = 5.0;
				TARGETED_DEVICE_FAMILY = "1,2";
			};
			name = Release;
		};
/* End XCBuildConfiguration section */

/* Begin XCConfigurationList section */
		928DB6DA2A5812E000FF4238 /* Build configuration list for PBXProject "Bench press workout" */ = {
			isa = XCConfigurationList;
			buildConfigurations = (
				928DB6EB2A5812E200FF4238 /* Debug */,
				928DB6EC2A5812E200FF4238 /* Release */,
			);
			defaultConfigurationIsVisible = 0;
			defaultConfigurationName = Release;
		};
		928DB6ED2A5812E200FF4238 /* Build configuration list for PBXNativeTarget "Bench press workout" */ = {
			isa = XCConfigurationList;
			buildConfigurations = (
				928DB6EE2A5812E200FF4238 /* Debug */,
				928DB6EF2A5812E200FF4238 /* Release */,
			);
			defaultConfigurationIsVisible = 0;
			defaultConfigurationName = Release;
		};
/* End XCConfigurationList section */
	};
	rootObject = 928DB6D72A5812E000FF4238 /* Project object */;
}
